[[package]]
category = "main"
description = "An unobtrusive argparse wrapper with natural syntax"
name = "argh"
optional = false
platform = "UNKNOWN"
python-versions = "*"
version = "0.26.2"

[[package]]
category = "main"
description = "Composable command line interface toolkit"
name = "click"
optional = false
platform = "*"
python-versions = ">=2.7, !=3.0.*, !=3.1.*, !=3.2.*, !=3.3.*"
version = "7.0"

[[package]]
category = "main"
description = "A simple framework for building complex web applications."
name = "flask"
optional = false
platform = "any"
python-versions = "*"
version = "1.0.2"

[package.dependencies]
Jinja2 = ">=2.10"
Werkzeug = ">=0.14"
click = ">=5.1"
itsdangerous = ">=0.24"

[[package]]
category = "main"
description = "Image Hashing library"
name = "imagehash"
optional = false
platform = "*"
python-versions = "*"
version = "4.0"

[package.dependencies]
numpy = "*"
pillow = "*"
pywavelets = "*"
scipy = "*"
six = "*"

[[package]]
category = "main"
description = "Various helpers to pass trusted data to untrusted environments and back."
name = "itsdangerous"
optional = false
platform = "UNKNOWN"
python-versions = "*"
version = "0.24"

[[package]]
category = "main"
description = "A small but fast and easy to use stand-alone template engine written in pure python."
name = "jinja2"
optional = false
platform = "*"
python-versions = "*"
version = "2.10"

[package.dependencies]
MarkupSafe = ">=0.23"

[[package]]
category = "main"
description = "Implements a XML/HTML/XHTML Markup safe string for Python"
name = "markupsafe"
optional = false
platform = "UNKNOWN"
python-versions = "*"
version = "1.0"

[[package]]
category = "main"
description = "Generate non-repeat filenames, ids and strings"
name = "nonrepeat"
optional = false
platform = "*"
python-versions = "*"
version = "0.1.3"

[[package]]
category = "main"
description = "NumPy: array processing for numbers, strings, records, and objects."
name = "numpy"
optional = false
platform = "Windows"
python-versions = ">=2.7,!=3.0.*,!=3.1.*,!=3.2.*,!=3.3.*"
version = "1.15.2"

[[package]]
category = "main"
description = "File system general utilities"
name = "pathtools"
optional = false
platform = "UNKNOWN"
python-versions = "*"
version = "0.1.2"

[[package]]
category = "main"
description = "a little orm"
name = "peewee"
optional = false
platform = "any"
python-versions = "*"
version = "3.7.0"

[[package]]
category = "main"
description = "Python Imaging Library (Fork)"
name = "pillow"
optional = false
platform = "*"
python-versions = ">=2.7, !=3.0.*, !=3.1.*, !=3.2.*, !=3.3.*"
version = "5.2.0"

[[package]]
category = "main"
description = "psycopg2 - Python-PostgreSQL Database Adapter"
name = "psycopg2"
optional = false
platform = "any"
python-versions = "*"
version = "2.7.5"

[[package]]
category = "main"
description = "psycopg2 - Python-PostgreSQL Database Adapter"
name = "psycopg2-binary"
optional = false
platform = "any"
python-versions = "*"
version = "2.7.5"

[[package]]
category = "main"
description = "A Python Slugify application that handles Unicode"
name = "python-slugify"
optional = false
platform = "*"
python-versions = "*"
version = "1.2.6"

[package.dependencies]
Unidecode = ">=0.04.16"

[[package]]
category = "main"
description = "PyWavelets, wavelet transform module"
name = "pywavelets"
optional = false
platform = "Windows"
python-versions = "*"
version = "1.0.1"

[package.dependencies]
numpy = ">=1.9.1"

[[package]]
category = "main"
description = "YAML parser and emitter for Python"
name = "pyyaml"
optional = false
platform = "Any"
python-versions = "*"
version = "3.13"

[[package]]
category = "main"
description = "SciPy: Scientific Library for Python"
name = "scipy"
optional = false
platform = "Windows"
python-versions = ">=2.7,!=3.0.*,!=3.1.*,!=3.2.*,!=3.3.*"
version = "1.1.0"

[package.dependencies]
numpy = ">=1.8.2"

[[package]]
category = "main"
description = ""
name = "Send2Trash"
optional = false
platform = "*"
python-versions = "*"
version = "1.4.2"

[package.source]
reference = "3eb9fa0eda3d7078864d3a77aa2e03afee75c1d1"
type = "git"
url = "https://github.com/acheronfail/send2trash.git"

[[package]]
category = "main"
description = "Python 2 and 3 compatibility utilities"
name = "six"
optional = false
platform = "*"
python-versions = "*"
version = "1.11.0"

[[package]]
category = "main"
description = "Fast, Extensible Progress Meter"
name = "tqdm"
optional = false
platform = "any"
python-versions = ">=2.6, !=3.0.*, !=3.1.*"
version = "4.26.0"

[[package]]
category = "main"
description = "ASCII transliterations of Unicode text"
name = "unidecode"
optional = false
platform = "*"
python-versions = "*"
version = "1.0.22"

[[package]]
category = "main"
description = "Filesystem events monitoring"
name = "watchdog"
optional = false
platform = "*"
python-versions = "*"
version = "0.9.0"

[package.dependencies]
PyYAML = ">=3.10"
argh = ">=0.24.1"
pathtools = ">=0.1.1"

[[package]]
category = "main"
description = "The comprehensive WSGI web application library."
name = "werkzeug"
optional = false
platform = "any"
python-versions = "*"
version = "0.14.1"

[metadata]
content-hash = "9627838d5b061bce35a597c13feb095cacb0815767174c7411c8919a0cf6a5bc"
platform = "*"
python-versions = "*"

[metadata.hashes]
Send2Trash = []
argh = ["a9b3aaa1904eeb78e32394cd46c6f37ac0fb4af6dc488daa58971bdc7d7fcaf3", "e9535b8c84dc9571a48999094fda7f33e63c3f1b74f3e5f3ac0105a58405bb65"]
click = ["2335065e6395b9e67ca716de5f7526736bfa6ceead690adf616d925bdc622b13", "5b94b49521f6456670fdb30cd82a4eca9412788a93fa6dd6df72c94d5a8ff2d7"]
flask = ["2271c0070dbcb5275fad4a82e29f23ab92682dc45f9dfbc22c02ba9b9322ce48", "a080b744b7e345ccfcbc77954861cb05b3c63786e93f2b3875e0913d44b43f05"]
imagehash = ["7aedf61dc17e7da2986a61d06ded48e10cd4530d5ed876471608b85c9b48a4f0", "d6c1e4887f622f97833d78f68b4f7fff46e26802c331a6868ff0198edccec902", "d7d95534e32e7b9c949029cf9f8383f50fbc3f2246d030da9cd277a8a99d23a3", "f50b2427fc54b87ac7e73d7ba9e7a876a77384645563f225eed1d82e628d07fa"]
itsdangerous = ["cbb3fcf8d3e33df861709ecaf89d9e6629cff0a217bc2848f1b41cd30d360519"]
jinja2 = ["74c935a1b8bb9a3947c50a54766a969d4846290e1e788ea44c1392163723c3bd", "f84be1bb0040caca4cea721fcbbbbd61f9be9464ca236387158b0feea01914a4"]
markupsafe = ["a6be69091dac236ea9c6bc7d012beab42010fa914c459791d627dad4910eb665"]
nonrepeat = ["0f790d79742311ce513da57c1a58ea3734ad2e6347918a4713099264da88d58f", "ef3e8f61c6fd1e04d17b1eb66b9210adfb6844092b10265bbf913d6fa376a005"]
numpy = ["1b1cf8f7300cf7b11ddb4250b3898c711a6187df05341b5b7153db23ffe5d498", "3fde172e28c899580d32dc21cb6d4a1225d62362f61050b654545c662eac215a", "497d7c86df4f85eb03b7f58a7dd0f8b948b1f582e77629341f624ba301b4d204", "4e28e66cf80c09a628ae680efeb0aa9a066eb4bb7db2a5669024c5b034891576", "58be95faf0ca2d886b5b337e7cba2923e3ad1224b806a91223ea39f1e0c77d03", "5b4dfb6551eaeaf532054e2c6ef4b19c449c2e3a709ebdde6392acb1372ecabc", "63f833a7c622e9082df3cbaf03b4fd92d7e0c11e2f9d87cb57dbf0e84441964b", "71bf3b7ca15b1967bba3a1ef6a8e87286382a8b5e46ac76b42a02fe787c5237d", "733dc5d47e71236263837825b69c975bc08728ae638452b34aeb1d6fa347b780", "82f00a1e2695a0e5b89879aa25ea614530b8ebdca6d49d4834843d498e8a5e92", "866bf72b9c3bfabe4476d866c70ee1714ad3e2f7b7048bb934892335e7b6b1f7", "8aeac8b08f4b8c52129518efcd93706bb6d506ccd17830b67d18d0227cf32d9e", "8d2cfb0aef7ec8759736cce26946efa084cdf49797712333539ef7d135e0295e", "981224224bbf44d95278eb37996162e8beb6f144d2719b144e86dfe2fce6c510", "981daff58fa3985a26daa4faa2b726c4e7a1d45178100125c0e1fdaf2ac64978", "9ad36dbfdbb0cba90a08e7343fadf86f43cf6d87450e8d2b5d71d7c7202907e4", "a251570bb3cb04f1627f23c234ad09af0e54fc8194e026cf46178f2e5748d647", "b5ff7dae352fd9e1edddad1348698e9fea14064460a7e39121ef9526745802e6", "c898f9cca806102fcacb6309899743aa39efb2ad2a302f4c319f54db9f05cd84", "cf4b970042ce148ad8dce4369c02a4078b382dadf20067ce2629c239d76460d1", "d1569013e8cc8f37e9769d19effdd85e404c976cd0ca28a94e3ddc026c216ae8", "dca261e85fe0d34b2c242ecb31c9ab693509af2cf955d9caf01ee3ef3669abd0", "ec8bf53ef7c92c99340972519adbe122e82c81d5b87cbd955c74ba8a8cd2a4ad", "f2e55726a9ee2e8129d6ce6abb466304868051bcc7a09d652b3b07cd86e801a2", "f4dee74f2626c783a3804df9191e9008946a104d5a284e52427a53ff576423cb", "f592fd7fe1f20b5041928cce1330937eca62f9058cb41e69c2c2d83cffc0d1e3", "ffab5b80bba8c86251291b8ce2e6c99a61446459d4c6637f5d5cc8c9ce37c972"]
pathtools = ["7c35c5421a39bb82e58018febd90e3b6e5db34c5443aaaf742b3f33d4655f1c0"]
peewee = ["bb9ee5e2ca601c82f5e3c8327f19af4b5f9941ae74ec520674165692d3d6ae7a"]
pillow = ["00def5b638994f888d1058e4d17c86dec8e1113c3741a0a8a659039aec59a83a", "026449b64e559226cdb8e6d8c931b5965d8fc90ec18ebbb0baa04c5b36503c72", "03dbb224ee196ef30ed2156d41b579143e1efeb422974719a5392fc035e4f574", "03eb0e04f929c102ae24bc436bf1c0c60a4e63b07ebd388e84d8b219df3e6acd", "087b0551ce2d19b3f092f2b5f071a065f7379e748867d070b29999cc83db15e3", "091a0656688d85fd6e10f49a73fa3ab9b37dbfcb2151f5a3ab17f8b879f467ee", "0f3e2d0a9966161b7dfd06d147f901d72c3a88ea1a833359b92193b8e1f68e1c", "114398d0e073b93e1d7da5b5ab92ff4b83c0180625c8031911425e51f4365d2e", "1be66b9a89e367e7d20d6cae419794997921fe105090fafd86ef39e20a3baab2", "1c5e93c40d4ce8cb133d3b105a869be6fa767e703f6eb1003eb4b90583e08a59", "1e977a3ed998a599bda5021fb2c2889060617627d3ae228297a529a082a3cd5c", "22cf3406d135cfcc13ec6228ade774c8461e125c940e80455f500638429be273", "24adccf1e834f82718c7fc8e3ec1093738da95144b8b1e44c99d5fc7d3e9c554", "2a3e362c97a5e6a259ee9cd66553292a1f8928a5bdfa3622fdb1501570834612", "3518f9fc666cbc58a5c1f48a6a23e9e6ceef69665eab43cdad5144de9383e72c", "3709339f4619e8c9b00f53079e40b964f43c5af61fb89a923fe24437167298bb", "3832e26ecbc9d8a500821e3a1d3765bda99d04ae29ffbb2efba49f5f788dc934", "452d159024faf37cc080537df308e8fa0026076eb38eb75185d96ed9642bd6d7", "4fd1f0c2dc02aaec729d91c92cd85a2df0289d88e9f68d1e8faba750bb9c4786", "4fda62030f2c515b6e2e673c57caa55cb04026a81968f3128aae10fc28e5cc27", "5044d75a68b49ce36a813c82d8201384207112d5d81643937fc758c05302f05b", "522184556921512ec484cb93bd84e0bab915d0ac5a372d49571c241a7f73db62", "5914cff11f3e920626da48e564be6818831713a3087586302444b9c70e8552d9", "653d48fe46378f40e3c2b892be88d8440efbb2c9df78559da44c63ad5ecb4142", "6661a7908d68c4a133e03dac8178287aa20a99f841ea90beeb98a233ae3fd710", "6735a7e560df6f0deb78246a6fe056cf2ae392ba2dc060ea8a6f2535aec924f1", "6d26a475a19cb294225738f5c974b3a24599438a67a30ed2d25638f012668026", "791f07fe13937e65285f9ef30664ddf0e10a0230bdb236751fa0ca67725740dd", "79258a8df3e309a54c7ef2ef4a59bb8e28f7e4a8992a3ad17c24b1889ced44f3", "7d74c20b8f1c3e99d3f781d3b8ff5abfefdd7363d61e23bdeba9992ff32cc4b4", "81918afeafc16ba5d9d0d4e9445905f21aac969a4ebb6f2bff4b9886da100f4b", "8194d913ca1f459377c8a4ed8f9b7ad750068b8e0e3f3f9c6963fcc87a84515f", "84d5d31200b11b3c76fab853b89ac898bf2d05c8b3da07c1fcc23feb06359d6e", "989981db57abffb52026b114c9a1f114c7142860a6d30a352d28f8cbf186500b", "a3d7511d3fad1618a82299aab71a5fceee5c015653a77ffea75ced9ef917e71a", "a4a6ac01b8c2f9d2d83719f193e6dea493e18445ce5bfd743d739174daa974d9", "acb90eb6c7ed6526551a78211d84c81e33082a35642ff5fe57489abc14e6bf6e", "b3ef168d4d6fd4fa6685aef7c91400f59f7ab1c0da734541f7031699741fb23f", "c1c5792b6e74bbf2af0f8e892272c2a6c48efa895903211f11b8342e03129fea", "c5dcb5a56aebb8a8f2585042b2f5c496d7624f0bcfe248f0cc33ceb2fd8d39e7", "d16f90810106822833a19bdb24c7cb766959acf791ca0edf5edfec674d55c8ee", "dcdc9cd9880027688007ff8f7c8e7ae6f24e81fae33bfd18d1e691e7bda4855f", "e2807aad4565d8de15391a9548f97818a14ef32624015c7bf3095171e314445e", "e2bed4a04e2ca1050bb5f00865cf2f83c0b92fd62454d9244f690fcd842e27a4", "e87a527c06319428007e8c30511e1f0ce035cb7f14bb4793b003ed532c3b9333", "ebcfc33a6c34984086451e230253bc33727bd17b4cdc4b39ec03032c3a6fc9e9", "f63e420180cbe22ff6e32558b612e75f50616fc111c5e095a4631946c782e109", "f7717eb360d40e7598c30cc44b33d98f79c468d9279379b66c1e28c568e0bf47", "f8582e1ab155302ea9ef1235441a0214919f4f79c4c7c21833ce9eec58181781", "f8b3d413c5a8f84b12cd4c5df1d8e211777c9852c6be3ee9c094b626644d3eab"]
psycopg2 = ["0b9e48a1c1505699a64ac58815ca99104aacace8321e455072cee4f7fe7b2698", "0f4c784e1b5a320efb434c66a50b8dd7e30a7dc047e8f45c0a8d2694bfe72781", "0fdbaa32c9eb09ef09d425dc154628fca6fa69d2f7c1a33f889abb7e0efb3909", "11fbf688d5c953c0a5ba625cc42dea9aeb2321942c7c5ed9341a68f865dc8cb1", "19eaac4eb25ab078bd0f28304a0cb08702d120caadfe76bb1e6846ed1f68635e", "3232ec1a3bf4dba97fbf9b03ce12e4b6c1d01ea3c85773903a67ced725728232", "36f8f9c216fcca048006f6dd60e4d3e6f406afde26cfb99e063f137070139eaf", "59c1a0e4f9abe970062ed35d0720935197800a7ef7a62b3a9e3a70588d9ca40b", "6506c5ff88750948c28d41852c09c5d2a49f51f28c6d90cbf1b6808e18c64e88", "6bc3e68ee16f571681b8c0b6d5c0a77bef3c589012352b3f0cf5520e674e9d01", "6dbbd7aabbc861eec6b910522534894d9dbb507d5819bc982032c3ea2e974f51", "6e737915de826650d1a5f7ff4ac6cf888a26f021a647390ca7bafdba0e85462b", "6ed9b2cfe85abc720e8943c1808eeffd41daa73e18b7c1e1a228b0b91f768ccc", "711ec617ba453fdfc66616db2520db3a6d9a891e3bf62ef9aba4c95bb4e61230", "844dacdf7530c5c612718cf12bc001f59b2d9329d35b495f1ff25045161aa6af", "86b52e146da13c896e50c5a3341a9448151f1092b1a4153e425d1e8b62fec508", "985c06c2a0f227131733ae58d6a541a5bc8b665e7305494782bebdb74202b793", "a86dfe45f4f9c55b1a2312ff20a59b30da8d39c0e8821d00018372a2a177098f", "aa3cd07f7f7e3183b63d48300666f920828a9dbd7d7ec53d450df2c4953687a9", "b1964ed645ef8317806d615d9ff006c0dadc09dfc54b99ae67f9ba7a1ec9d5d2", "b2abbff9e4141484bb89b96eb8eae186d77bc6d5ffbec6b01783ee5c3c467351", "cc33c3a90492e21713260095f02b12bee02b8d1f2c03a221d763ce04fa90e2e9", "d7de3bf0986d777807611c36e809b77a13bf1888f5c8db0ebf24b47a52d10726", "db5e3c52576cc5b93a959a03ccc3b02cb8f0af1fbbdc80645f7a215f0b864f3a", "e168aa795ffbb11379c942cf95bf813c7db9aa55538eb61de8c6815e092416f5", "e9ca911f8e2d3117e5241d5fa9aaa991cb22fb0792627eeada47425d706b5ec8", "eccf962d41ca46e6326b97c8fe0a6687b58dfc1a5f6540ed071ff1474cea749e", "efa19deae6b9e504a74347fe5e25c2cb9343766c489c2ae921b05f37338b18d1", "f4b0460a21f784abe17b496f66e74157a6c36116fa86da8bf6aa028b9e8ad5fe", "f93d508ca64d924d478fb11e272e09524698f0c581d9032e68958cfbdd41faef"]
psycopg2-binary = ["04afb59bbbd2eab3148e6816beddc74348078b8c02a1113ea7f7822f5be4afe3", "098b18f4d8857a8f9b206d1dc54db56c2255d5d26458917e7bcad61ebfe4338f", "0bf855d4a7083e20ead961fda4923887094eaeace0ab2d76eb4aa300f4bbf5bd", "197dda3ffd02057820be83fe4d84529ea70bf39a9a4daee1d20ffc74eb3d042e", "278ef63afb4b3d842b4609f2c05ffbfb76795cf6a184deeb8707cd5ed3c981a5", "3cbf8c4fc8f22f0817220891cf405831559f4d4c12c4f73913730a2ea6c47a47", "4305aed922c4d9d6163ab3a41d80b5a1cfab54917467da8168552c42cad84d32", "47ee296f704fb8b2a616dec691cdcfd5fa0f11943955e88faa98cbd1dc3b3e3d", "4a0e38cb30457e70580903367161173d4a7d1381eb2f2cfe4e69b7806623f484", "4d6c294c6638a71cafb82a37f182f24321f1163b08b5d5ca076e11fe838a3086", "4f3233c366500730f839f92833194fd8f9a5c4529c8cd8040aa162c3740de8e5", "5221f5a3f4ca2ddf0d58e8b8a32ca50948be9a43351fda797eb4e72d7a7aa34d", "5c6ca0b507540a11eaf9e77dee4f07c131c2ec80ca0cffa146671bf690bc1c02", "789bd89d71d704db2b3d5e67d6d518b158985d791d3b2dec5ab85457cfc9677b", "7b94d29239efeaa6a967f3b5971bd0518d2a24edd1511edbf4a2c8b815220d07", "89bc65ef3301c74cf32db25334421ea6adbe8f65601ea45dcaaf095abed910bb", "89d6d3a549f405c20c9ae4dc94d7ed2de2fa77427a470674490a622070732e62", "97521704ac7127d7d8ba22877da3c7bf4a40366587d238ec679ff38e33177498", "a395b62d5f44ff6f633231abe568e2203b8fabf9797cd6386aa92497df912d9a", "a6d32c37f714c3f34158f3fa659f3a8f2658d5f53c4297d45579b9677cc4d852", "a89ee5c26f72f2d0d74b991ce49e42ddeb4ac0dc2d8c06a0f2770a1ab48f4fe0", "b4c8b0ef3608e59317bfc501df84a61e48b5445d45f24d0391a24802de5f2d84", "b5fcf07140219a1f71e18486b8dc28e2e1b76a441c19374805c617aa6d9a9d55", "b86f527f00956ecebad6ab3bb30e3a75fedf1160a8716978dd8ce7adddedd86f", "be4c4aa22ba22f70de36c98b06480e2f1697972d49eb20d525f400d204a6d272", "c2ac7aa1a144d4e0e613ac7286dae85671e99fe7a1353954d4905629c36b811c", "de26ef4787b5e778e8223913a3e50368b44e7480f83c76df1f51d23bd21cea16", "e70ebcfc5372dc7b699c0110454fc4263967f30c55454397e5769eb72c0eb0ce", "eadbd32b6bc48b67b0457fccc94c86f7ccc8178ab839f684eb285bb592dc143e", "ecbc6dfff6db06b8b72ae8a2f25ff20fbdcb83cb543811a08f7cb555042aa729"]
python-slugify = ["7723daf30996db26573176bddcdf5fcb98f66dc70df05c9cb29f2c79b8193245"]
pywavelets = ["01683797c855d10d9ee78f46272b99b02f70a474e35baa54d150a385be9a9253", "1096feae3ad08fa844978cbd1d8476cab34b5364b7f087f5878cd5b451001574", "1732bd3638fae0693b7e30db63034f4f4ef36dc3018daf1da7ff024f060fc6e9", "1a07231da072e3085b0c59cff6a2aa0ed3b17983f16d2b561764f5fa7207c8ac", "25a98babb7907b4e6a5b508e519cd3179e6dc17c3840fb1b6306e82fdd4bcd3e", "31417d6e5454881514974d40f7df40cc8588a3818b778137f2d51fd06f0ab7d9", "351995c681d2a1ec556996bb645b8acdb0d2e4b80fb3617c1104a8d3cb048dfe", "3c5cece36d4e17d395be6e9ac6b80ce7b774a1f71c251756c6163e63b6d878dc", "4d739ee8d8b51098927709aac46ead2e965e397b6a5ac50047bd65a3d1a79ba6", "4e4f993d2e3bc9c5eb6db8b3c70c94143831f32f56a9dd19bd35d85066bc5a37", "64fd7615023e8cc043f084a61a562059ec0e14eb843a03662e9dbfb66deaae92", "72b042ef5a21c0617eb8ba2ef524f107f3e5def3507105aad3d986c7b4544716", "8b7be53059ac21a3b27d5e35be272c2b092b6348b336ad9c9c57f70697ab17a1", "95a0a0ae8c4024a3c0658e496fd52a2baeefad2e521a4de132b668d2001e5a24", "ae741e1919c08d1445362d2af4fb02ef3c611f2e3349ca0ba2a22fab494b86cc", "b4428012419ada0c691240a388798a6c839477c5a968751ebfec663c0b4fe801", "bc2f7ac5a3febf98e471dad4bc07e96a89bf954660d7d993d1d9486b0ce60aaa", "c00e1b7903afa608b6eadf44da8d4d05ffeab99769965aed9e8fad85cd28e16c", "c1473db14003eb544b08d94f3ac7bcebe8c839dc2d3dcdaf0db8c3a17b551674", "d23f3fab4e3c81706517d99e1d3e0dcbce24009cf540a223b5d29baa7b781f4f", "d27656cc329bf1b7ed64402de892bbee1d10b6cf0210a2d61d2f8a1c809e52a4", "d7b0551df47ed6d2e7438d7c96339f2a8749e4687407a5bf0bb5a6eeb8ba8ffa", "ee1e04e48f2160467c59fbf561eca8285d79573d2f98547c059bd05bcfd34321", "f1d76e5c679f3668f6fcb4f6cfb31863ebcf86c742a64435264dc5d3a41f7ce0", "f1eefc1220d754bd572fb409de844b9d2d5506c5dee5a72063343270146a8246", "f7685816885e217acf90965dd55863152b0865d3b15cf7f2286b39aaf4bc4913"]
pyyaml = ["3d7da3009c0f3e783b2c873687652d83b1bbfd5c88e9813fb7e5b03c0dd3108b", "3ef3092145e9b70e3ddd2c7ad59bdd0252a94dfe3949721633e41344de00a6bf", "40c71b8e076d0550b2e6380bada1f1cd1017b882f7e16f09a65be98e017f211a", "558dd60b890ba8fd982e05941927a3911dc409a63dcb8b634feaa0cda69330d3", "a7c28b45d9f99102fa092bb213aa12e0aaf9a6a1f5e395d36166639c1f96c3a1", "aa7dd4a6a427aed7df6fb7f08a580d68d9b118d90310374716ae90b710280af1", "bc558586e6045763782014934bfaf39d48b8ae85a2713117d16c39864085c613", "d46d7982b62e0729ad0175a9bc7e10a566fc07b224d2c79fafb5e032727eaa04", "d5eef459e30b09f5a098b9cea68bebfeb268697f78d647bd255a085371ac7f3f", "e01d3203230e1786cd91ccfdc8f8454c8069c91bee3962ad93b87a4b2860f537", "e170a9e6fcfd19021dd29845af83bb79236068bf5fd4df3327c1be18182b2531"]
scipy = ["0611ee97296265af4a21164a5323f8c1b4e8e15c582d3dfa7610825900136bb7", "08237eda23fd8e4e54838258b124f1cd141379a5f281b0a234ca99b38918c07a", "0e645dbfc03f279e1946cf07c9c754c2a1859cb4a41c5f70b25f6b3a586b6dbd", "0e9bb7efe5f051ea7212555b290e784b82f21ffd0f655405ac4f87e288b730b3", "108c16640849e5827e7d51023efb3bd79244098c3f21e4897a1007720cb7ce37", "340ef70f5b0f4e2b4b43c8c8061165911bc6b2ad16f8de85d9774545e2c47463", "3ad73dfc6f82e494195144bd3a129c7241e761179b7cb5c07b9a0ede99c686f3", "3b243c77a822cd034dad53058d7c2abf80062aa6f4a32e9799c95d6391558631", "404a00314e85eca9d46b80929571b938e97a143b4f2ddc2b2b3c91a4c4ead9c5", "423b3ff76957d29d1cce1bc0d62ebaf9a3fdfaf62344e3fdec14619bb7b5ad3a", "42d9149a2fff7affdd352d157fa5717033767857c11bd55aa4a519a44343dfef", "625f25a6b7d795e8830cb70439453c9f163e6870e710ec99eba5722775b318f3", "698c6409da58686f2df3d6f815491fd5b4c2de6817a45379517c92366eea208f", "729f8f8363d32cebcb946de278324ab43d28096f36593be6281ca1ee86ce6559", "8190770146a4c8ed5d330d5b5ad1c76251c63349d25c96b3094875b930c44692", "878352408424dffaa695ffedf2f9f92844e116686923ed9aa8626fc30d32cfd1", "8b984f0821577d889f3c7ca8445564175fb4ac7c7f9659b7c60bef95b2b70e76", "8f841bbc21d3dad2111a94c490fb0a591b8612ffea86b8e5571746ae76a3deac", "c22b27371b3866c92796e5d7907e914f0e58a36d3222c5d436ddd3f0e354227a", "d0cdd5658b49a722783b8b4f61a6f1f9c75042d0e29a30ccb6cacc9b25f6d9e2", "d40dc7f494b06dcee0d303e51a00451b2da6119acbeaccf8369f2d29e28917ac", "d8491d4784aceb1f100ddb8e31239c54e4afab8d607928a9f7ef2469ec35ae01", "dfc5080c38dde3f43d8fbb9c0539a7839683475226cf83e4b24363b227dfe552", "e24e22c8d98d3c704bb3410bce9b69e122a8de487ad3dbfe9985d154e5c03a40", "e7a01e53163818d56eabddcafdc2090e9daba178aad05516b20c6591c4811020", "ee677635393414930541a096fc8e61634304bb0153e4e02b75685b11eba14cae", "f0521af1b722265d824d6ad055acfe9bd3341765735c44b5a4d0069e189a0f40", "f25c281f12c0da726c6ed00535ca5d1622ec755c30a3f8eafef26cf43fede694"]
six = ["70e8a77beed4562e7f14fe23a786b54f6296e34344c23bc42f07b15018ff98e9", "832dc0e10feb1aa2c68dcc57dbb658f1c7e65b9b61af69048abc87a2db00a0eb"]
tqdm = ["18f1818ce951aeb9ea162ae1098b43f583f7d057b34d706f66939353d1208889", "df02c0650160986bac0218bb07952245fc6960d23654648b5d5526ad5a4128c9"]
unidecode = ["72f49d3729f3d8f5799f710b97c1451c5163102e76d64d20e170aedbbd923582", "8c33dd588e0c9bc22a76eaa0c715a5434851f726131bd44a6c26471746efabf5"]
watchdog = ["965f658d0732de3188211932aeb0bb457587f04f63ab4c1e33eab878e9de961d"]
werkzeug = ["c3fd7a7d41976d9f44db327260e263132466836cef6f91512889ed60ad26557c", "d5da73735293558eb1651ee2fddc4d0dedcfa06538b8813a2e20011583c9e49b"]
